
Microsoft Visual Studio Solution File, Format Version 12.00
# Visual Studio Version 17
VisualStudioVersion = 17.0.31903.59
MinimumVisualStudioVersion = 10.0.40219.1
Project("{F184B08F-C81C-45F6-A57F-5ABD9991F28F}") = "Library_Management_System", "Library_Management_System\Library_Management_System.vbproj", "{0087CCEE-903E-40AB-94E2-2846E8674491}"
EndProject
Global
	GlobalSection(SolutionConfigurationPlatforms) = preSolution
		Debug|Any CPU = Debug|Any CPU
		Release|Any CPU = Release|Any CPU
	EndGlobalSection
	GlobalSection(ProjectConfigurationPlatforms) = postSolution
		{0087CCEE-903E-40AB-94E2-2846E8674491}.Debug|Any CPU.ActiveCfg = Debug|Any CPU
		{0087CCEE-903E-40AB-94E2-2846E8674491}.Debug|Any CPU.Build.0 = Debug|Any CPU
		{0087CCEE-903E-40AB-94E2-2846E8674491}.Release|Any CPU.ActiveCfg = Release|Any CPU
		{0087CCEE-903E-40AB-94E2-2846E8674491}.Release|Any CPU.Build.0 = Release|Any CPU
	EndGlobalSection
	GlobalSection(SolutionProperties) = preSolution
		HideSolutionNode = FALSE
	EndGlobalSection
	GlobalSection(ExtensibilityGlobals) = postSolution
		SolutionGuid = {1035787D-19A0-485A-8D0F-55FC92D100E2}
	EndGlobalSection
EndGlobal
